github.com/roma351/utils v0.0.0-20240517085406-7dfc6ec64415 h1:lPdVfO/FvzMDlrnsyxomqJlXWIiQDbtt5xQhqTOyXIM=
github.com/roma351/utils v0.0.0-20240517085406-7dfc6ec64415/go.mod h1:yEHeT4Uhyy4dUb0IZOfBZzWXsm7d1OCTXEgDL8a4SLs=
github.com/roma351/utils v0.0.0-20240517111156-5ad4fd8aa6fe h1:4GBV3aMl8EKsYBEkTcPQEbPYmaqmnmkDekaoX6/yuVs=
github.com/roma351/utils v0.0.0-20240517111156-5ad4fd8aa6fe/go.mod h1:yEHeT4Uhyy4dUb0IZOfBZzWXsm7d1OCTXEgDL8a4SLs=
